PODS:
  - boost (1.76.0)
  - CocoaAsyncSocket (7.6.5)
  - DoubleConversion (1.1.6)
  - FBLazyVector (0.0.0-20220308-2009-c8067f1ff)
  - FBReactNativeSpec (0.0.0-20220308-2009-c8067f1ff):
    - RCT-Folly (= 2021.06.28.00-v2)
    - RCTRequired (= 0.0.0-20220308-2009-c8067f1ff)
    - RCTTypeSafety (= 0.0.0-20220308-2009-c8067f1ff)
    - React-Core (= 0.0.0-20220308-2009-c8067f1ff)
    - React-jsi (= 0.0.0-20220308-2009-c8067f1ff)
    - ReactCommon/turbomodule/core (= 0.0.0-20220308-2009-c8067f1ff)
  - Flipper (0.125.0):
    - Flipper-Folly (~> 2.6)
    - Flipper-RSocket (~> 1.4)
  - Flipper-Boost-iOSX (1.76.0.1.11)
  - Flipper-DoubleConversion (3.1.7)
  - Flipper-Fmt (7.1.7)
  - Flipper-Folly (2.6.10):
    - Flipper-Boost-iOSX
    - Flipper-DoubleConversion
    - Flipper-Fmt (= 7.1.7)
    - Flipper-Glog
    - libevent (~> 2.1.12)
    - OpenSSL-Universal (= 1.1.1100)
  - Flipper-Glog (0.3.9)
  - Flipper-PeerTalk (0.0.4)
  - Flipper-RSocket (1.4.3):
    - Flipper-Folly (~> 2.6)
  - FlipperKit (0.125.0):
    - FlipperKit/Core (= 0.125.0)
  - FlipperKit/Core (0.125.0):
    - Flipper (~> 0.125.0)
    - FlipperKit/CppBridge
    - FlipperKit/FBCxxFollyDynamicConvert
    - FlipperKit/FBDefines
    - FlipperKit/FKPortForwarding
    - SocketRocket (~> 0.6.0)
  - FlipperKit/CppBridge (0.125.0):
    - Flipper (~> 0.125.0)
  - FlipperKit/FBCxxFollyDynamicConvert (0.125.0):
    - Flipper-Folly (~> 2.6)
  - FlipperKit/FBDefines (0.125.0)
  - FlipperKit/FKPortForwarding (0.125.0):
    - CocoaAsyncSocket (~> 7.6)
    - Flipper-PeerTalk (~> 0.0.4)
  - FlipperKit/FlipperKitHighlightOverlay (0.125.0)
  - FlipperKit/FlipperKitLayoutHelpers (0.125.0):
    - FlipperKit/Core
    - FlipperKit/FlipperKitHighlightOverlay
    - FlipperKit/FlipperKitLayoutTextSearchable
  - FlipperKit/FlipperKitLayoutIOSDescriptors (0.125.0):
    - FlipperKit/Core
    - FlipperKit/FlipperKitHighlightOverlay
    - FlipperKit/FlipperKitLayoutHelpers
    - YogaKit (~> 1.18)
  - FlipperKit/FlipperKitLayoutPlugin (0.125.0):
    - FlipperKit/Core
    - FlipperKit/FlipperKitHighlightOverlay
    - FlipperKit/FlipperKitLayoutHelpers
    - FlipperKit/FlipperKitLayoutIOSDescriptors
    - FlipperKit/FlipperKitLayoutTextSearchable
    - YogaKit (~> 1.18)
  - FlipperKit/FlipperKitLayoutTextSearchable (0.125.0)
  - FlipperKit/FlipperKitNetworkPlugin (0.125.0):
    - FlipperKit/Core
  - FlipperKit/FlipperKitReactPlugin (0.125.0):
    - FlipperKit/Core
  - FlipperKit/FlipperKitUserDefaultsPlugin (0.125.0):
    - FlipperKit/Core
  - FlipperKit/SKIOSNetworkPlugin (0.125.0):
    - FlipperKit/Core
    - FlipperKit/FlipperKitNetworkPlugin
  - fmt (6.2.1)
  - glog (0.3.5)
  - hermes-engine (0.11.0)
  - libevent (2.1.12)
  - OpenSSL-Universal (1.1.1100)
  - RCT-Folly (2021.06.28.00-v2):
    - boost
    - DoubleConversion
    - fmt (~> 6.2.1)
    - glog
    - RCT-Folly/Default (= 2021.06.28.00-v2)
  - RCT-Folly/Default (2021.06.28.00-v2):
    - boost
    - DoubleConversion
    - fmt (~> 6.2.1)
    - glog
  - RCT-Folly/Fabric (2021.06.28.00-v2):
    - boost
    - DoubleConversion
    - fmt (~> 6.2.1)
    - glog
  - RCT-Folly/Futures (2021.06.28.00-v2):
    - boost
    - DoubleConversion
    - fmt (~> 6.2.1)
    - glog
    - libevent
  - RCTRequired (0.0.0-20220308-2009-c8067f1ff)
  - RCTTypeSafety (0.0.0-20220308-2009-c8067f1ff):
    - FBLazyVector (= 0.0.0-20220308-2009-c8067f1ff)
    - RCT-Folly (= 2021.06.28.00-v2)
    - RCTRequired (= 0.0.0-20220308-2009-c8067f1ff)
    - React-Core (= 0.0.0-20220308-2009-c8067f1ff)
  - React (0.0.0-20220308-2009-c8067f1ff):
    - React-Core (= 0.0.0-20220308-2009-c8067f1ff)
    - React-Core/DevSupport (= 0.0.0-20220308-2009-c8067f1ff)
    - React-Core/RCTWebSocket (= 0.0.0-20220308-2009-c8067f1ff)
    - React-RCTActionSheet (= 0.0.0-20220308-2009-c8067f1ff)
    - React-RCTAnimation (= 0.0.0-20220308-2009-c8067f1ff)
    - React-RCTBlob (= 0.0.0-20220308-2009-c8067f1ff)
    - React-RCTImage (= 0.0.0-20220308-2009-c8067f1ff)
    - React-RCTLinking (= 0.0.0-20220308-2009-c8067f1ff)
    - React-RCTNetwork (= 0.0.0-20220308-2009-c8067f1ff)
    - React-RCTSettings (= 0.0.0-20220308-2009-c8067f1ff)
    - React-RCTText (= 0.0.0-20220308-2009-c8067f1ff)
    - React-RCTVibration (= 0.0.0-20220308-2009-c8067f1ff)
  - React-callinvoker (0.0.0-20220308-2009-c8067f1ff)
  - React-Codegen (0.0.0-20220308-2009-c8067f1ff):
    - FBReactNativeSpec (= 0.0.0-20220308-2009-c8067f1ff)
    - RCT-Folly (= 2021.06.28.00-v2)
    - RCTRequired (= 0.0.0-20220308-2009-c8067f1ff)
    - RCTTypeSafety (= 0.0.0-20220308-2009-c8067f1ff)
    - React-Core (= 0.0.0-20220308-2009-c8067f1ff)
    - React-graphics (= 0.0.0-20220308-2009-c8067f1ff)
    - React-jsi (= 0.0.0-20220308-2009-c8067f1ff)
    - React-jsiexecutor (= 0.0.0-20220308-2009-c8067f1ff)
    - React-rncore (= 0.0.0-20220308-2009-c8067f1ff)
    - ReactCommon/turbomodule/core (= 0.0.0-20220308-2009-c8067f1ff)
  - React-Core (0.0.0-20220308-2009-c8067f1ff):
    - glog
    - RCT-Folly (= 2021.06.28.00-v2)
    - React-Core/Default (= 0.0.0-20220308-2009-c8067f1ff)
    - React-cxxreact (= 0.0.0-20220308-2009-c8067f1ff)
    - React-jsi (= 0.0.0-20220308-2009-c8067f1ff)
    - React-jsiexecutor (= 0.0.0-20220308-2009-c8067f1ff)
    - React-perflogger (= 0.0.0-20220308-2009-c8067f1ff)
    - Yoga
  - React-Core/CoreModulesHeaders (0.0.0-20220308-2009-c8067f1ff):
    - glog
    - RCT-Folly (= 2021.06.28.00-v2)
    - React-Core/Default
    - React-cxxreact (= 0.0.0-20220308-2009-c8067f1ff)
    - React-jsi (= 0.0.0-20220308-2009-c8067f1ff)
    - React-jsiexecutor (= 0.0.0-20220308-2009-c8067f1ff)
    - React-perflogger (= 0.0.0-20220308-2009-c8067f1ff)
    - Yoga
  - React-Core/Default (0.0.0-20220308-2009-c8067f1ff):
    - glog
    - RCT-Folly (= 2021.06.28.00-v2)
    - React-cxxreact (= 0.0.0-20220308-2009-c8067f1ff)
    - React-jsi (= 0.0.0-20220308-2009-c8067f1ff)
    - React-jsiexecutor (= 0.0.0-20220308-2009-c8067f1ff)
    - React-perflogger (= 0.0.0-20220308-2009-c8067f1ff)
    - Yoga
  - React-Core/DevSupport (0.0.0-20220308-2009-c8067f1ff):
    - glog
    - RCT-Folly (= 2021.06.28.00-v2)
    - React-Core/Default (= 0.0.0-20220308-2009-c8067f1ff)
    - React-Core/RCTWebSocket (= 0.0.0-20220308-2009-c8067f1ff)
    - React-cxxreact (= 0.0.0-20220308-2009-c8067f1ff)
    - React-jsi (= 0.0.0-20220308-2009-c8067f1ff)
    - React-jsiexecutor (= 0.0.0-20220308-2009-c8067f1ff)
    - React-jsinspector (= 0.0.0-20220308-2009-c8067f1ff)
    - React-perflogger (= 0.0.0-20220308-2009-c8067f1ff)
    - Yoga
  - React-Core/RCTActionSheetHeaders (0.0.0-20220308-2009-c8067f1ff):
    - glog
    - RCT-Folly (= 2021.06.28.00-v2)
    - React-Core/Default
    - React-cxxreact (= 0.0.0-20220308-2009-c8067f1ff)
    - React-jsi (= 0.0.0-20220308-2009-c8067f1ff)
    - React-jsiexecutor (= 0.0.0-20220308-2009-c8067f1ff)
    - React-perflogger (= 0.0.0-20220308-2009-c8067f1ff)
    - Yoga
  - React-Core/RCTAnimationHeaders (0.0.0-20220308-2009-c8067f1ff):
    - glog
    - RCT-Folly (= 2021.06.28.00-v2)
    - React-Core/Default
    - React-cxxreact (= 0.0.0-20220308-2009-c8067f1ff)
    - React-jsi (= 0.0.0-20220308-2009-c8067f1ff)
    - React-jsiexecutor (= 0.0.0-20220308-2009-c8067f1ff)
    - React-perflogger (= 0.0.0-20220308-2009-c8067f1ff)
    - Yoga
  - React-Core/RCTBlobHeaders (0.0.0-20220308-2009-c8067f1ff):
    - glog
    - RCT-Folly (= 2021.06.28.00-v2)
    - React-Core/Default
    - React-cxxreact (= 0.0.0-20220308-2009-c8067f1ff)
    - React-jsi (= 0.0.0-20220308-2009-c8067f1ff)
    - React-jsiexecutor (= 0.0.0-20220308-2009-c8067f1ff)
    - React-perflogger (= 0.0.0-20220308-2009-c8067f1ff)
    - Yoga
  - React-Core/RCTImageHeaders (0.0.0-20220308-2009-c8067f1ff):
    - glog
    - RCT-Folly (= 2021.06.28.00-v2)
    - React-Core/Default
    - React-cxxreact (= 0.0.0-20220308-2009-c8067f1ff)
    - React-jsi (= 0.0.0-20220308-2009-c8067f1ff)
    - React-jsiexecutor (= 0.0.0-20220308-2009-c8067f1ff)
    - React-perflogger (= 0.0.0-20220308-2009-c8067f1ff)
    - Yoga
  - React-Core/RCTLinkingHeaders (0.0.0-20220308-2009-c8067f1ff):
    - glog
    - RCT-Folly (= 2021.06.28.00-v2)
    - React-Core/Default
    - React-cxxreact (= 0.0.0-20220308-2009-c8067f1ff)
    - React-jsi (= 0.0.0-20220308-2009-c8067f1ff)
    - React-jsiexecutor (= 0.0.0-20220308-2009-c8067f1ff)
    - React-perflogger (= 0.0.0-20220308-2009-c8067f1ff)
    - Yoga
  - React-Core/RCTNetworkHeaders (0.0.0-20220308-2009-c8067f1ff):
    - glog
    - RCT-Folly (= 2021.06.28.00-v2)
    - React-Core/Default
    - React-cxxreact (= 0.0.0-20220308-2009-c8067f1ff)
    - React-jsi (= 0.0.0-20220308-2009-c8067f1ff)
    - React-jsiexecutor (= 0.0.0-20220308-2009-c8067f1ff)
    - React-perflogger (= 0.0.0-20220308-2009-c8067f1ff)
    - Yoga
  - React-Core/RCTSettingsHeaders (0.0.0-20220308-2009-c8067f1ff):
    - glog
    - RCT-Folly (= 2021.06.28.00-v2)
    - React-Core/Default
    - React-cxxreact (= 0.0.0-20220308-2009-c8067f1ff)
    - React-jsi (= 0.0.0-20220308-2009-c8067f1ff)
    - React-jsiexecutor (= 0.0.0-20220308-2009-c8067f1ff)
    - React-perflogger (= 0.0.0-20220308-2009-c8067f1ff)
    - Yoga
  - React-Core/RCTTextHeaders (0.0.0-20220308-2009-c8067f1ff):
    - glog
    - RCT-Folly (= 2021.06.28.00-v2)
    - React-Core/Default
    - React-cxxreact (= 0.0.0-20220308-2009-c8067f1ff)
    - React-jsi (= 0.0.0-20220308-2009-c8067f1ff)
    - React-jsiexecutor (= 0.0.0-20220308-2009-c8067f1ff)
    - React-perflogger (= 0.0.0-20220308-2009-c8067f1ff)
    - Yoga
  - React-Core/RCTVibrationHeaders (0.0.0-20220308-2009-c8067f1ff):
    - glog
    - RCT-Folly (= 2021.06.28.00-v2)
    - React-Core/Default
    - React-cxxreact (= 0.0.0-20220308-2009-c8067f1ff)
    - React-jsi (= 0.0.0-20220308-2009-c8067f1ff)
    - React-jsiexecutor (= 0.0.0-20220308-2009-c8067f1ff)
    - React-perflogger (= 0.0.0-20220308-2009-c8067f1ff)
    - Yoga
  - React-Core/RCTWebSocket (0.0.0-20220308-2009-c8067f1ff):
    - glog
    - RCT-Folly (= 2021.06.28.00-v2)
    - React-Core/Default (= 0.0.0-20220308-2009-c8067f1ff)
    - React-cxxreact (= 0.0.0-20220308-2009-c8067f1ff)
    - React-jsi (= 0.0.0-20220308-2009-c8067f1ff)
    - React-jsiexecutor (= 0.0.0-20220308-2009-c8067f1ff)
    - React-perflogger (= 0.0.0-20220308-2009-c8067f1ff)
    - Yoga
  - React-CoreModules (0.0.0-20220308-2009-c8067f1ff):
    - RCT-Folly (= 2021.06.28.00-v2)
    - RCTTypeSafety (= 0.0.0-20220308-2009-c8067f1ff)
    - React-Codegen (= 0.0.0-20220308-2009-c8067f1ff)
    - React-Core/CoreModulesHeaders (= 0.0.0-20220308-2009-c8067f1ff)
    - React-jsi (= 0.0.0-20220308-2009-c8067f1ff)
    - React-RCTImage (= 0.0.0-20220308-2009-c8067f1ff)
    - ReactCommon/turbomodule/core (= 0.0.0-20220308-2009-c8067f1ff)
  - React-cxxreact (0.0.0-20220308-2009-c8067f1ff):
    - boost (= 1.76.0)
    - DoubleConversion
    - glog
    - RCT-Folly (= 2021.06.28.00-v2)
    - React-callinvoker (= 0.0.0-20220308-2009-c8067f1ff)
    - React-jsi (= 0.0.0-20220308-2009-c8067f1ff)
    - React-jsinspector (= 0.0.0-20220308-2009-c8067f1ff)
    - React-logger (= 0.0.0-20220308-2009-c8067f1ff)
    - React-perflogger (= 0.0.0-20220308-2009-c8067f1ff)
    - React-runtimeexecutor (= 0.0.0-20220308-2009-c8067f1ff)
  - React-Fabric (0.0.0-20220308-2009-c8067f1ff):
    - RCT-Folly/Fabric (= 2021.06.28.00-v2)
    - RCTRequired (= 0.0.0-20220308-2009-c8067f1ff)
    - RCTTypeSafety (= 0.0.0-20220308-2009-c8067f1ff)
    - React-Fabric/animations (= 0.0.0-20220308-2009-c8067f1ff)
    - React-Fabric/attributedstring (= 0.0.0-20220308-2009-c8067f1ff)
    - React-Fabric/butter (= 0.0.0-20220308-2009-c8067f1ff)
    - React-Fabric/componentregistry (= 0.0.0-20220308-2009-c8067f1ff)
    - React-Fabric/componentregistrynative (= 0.0.0-20220308-2009-c8067f1ff)
    - React-Fabric/components (= 0.0.0-20220308-2009-c8067f1ff)
    - React-Fabric/config (= 0.0.0-20220308-2009-c8067f1ff)
    - React-Fabric/core (= 0.0.0-20220308-2009-c8067f1ff)
    - React-Fabric/debug_core (= 0.0.0-20220308-2009-c8067f1ff)
    - React-Fabric/debug_renderer (= 0.0.0-20220308-2009-c8067f1ff)
    - React-Fabric/imagemanager (= 0.0.0-20220308-2009-c8067f1ff)
    - React-Fabric/leakchecker (= 0.0.0-20220308-2009-c8067f1ff)
    - React-Fabric/mounting (= 0.0.0-20220308-2009-c8067f1ff)
    - React-Fabric/runtimescheduler (= 0.0.0-20220308-2009-c8067f1ff)
    - React-Fabric/scheduler (= 0.0.0-20220308-2009-c8067f1ff)
    - React-Fabric/telemetry (= 0.0.0-20220308-2009-c8067f1ff)
    - React-Fabric/templateprocessor (= 0.0.0-20220308-2009-c8067f1ff)
    - React-Fabric/textlayoutmanager (= 0.0.0-20220308-2009-c8067f1ff)
    - React-Fabric/uimanager (= 0.0.0-20220308-2009-c8067f1ff)
    - React-Fabric/utils (= 0.0.0-20220308-2009-c8067f1ff)
    - React-graphics (= 0.0.0-20220308-2009-c8067f1ff)
    - React-jsi (= 0.0.0-20220308-2009-c8067f1ff)
    - React-jsiexecutor (= 0.0.0-20220308-2009-c8067f1ff)
    - ReactCommon/turbomodule/core (= 0.0.0-20220308-2009-c8067f1ff)
  - React-Fabric/animations (0.0.0-20220308-2009-c8067f1ff):
    - RCT-Folly/Fabric (= 2021.06.28.00-v2)
    - RCTRequired (= 0.0.0-20220308-2009-c8067f1ff)
    - RCTTypeSafety (= 0.0.0-20220308-2009-c8067f1ff)
    - React-graphics (= 0.0.0-20220308-2009-c8067f1ff)
    - React-jsi (= 0.0.0-20220308-2009-c8067f1ff)
    - React-jsiexecutor (= 0.0.0-20220308-2009-c8067f1ff)
    - ReactCommon/turbomodule/core (= 0.0.0-20220308-2009-c8067f1ff)
  - React-Fabric/attributedstring (0.0.0-20220308-2009-c8067f1ff):
    - RCT-Folly/Fabric (= 2021.06.28.00-v2)
    - RCTRequired (= 0.0.0-20220308-2009-c8067f1ff)
    - RCTTypeSafety (= 0.0.0-20220308-2009-c8067f1ff)
    - React-graphics (= 0.0.0-20220308-2009-c8067f1ff)
    - React-jsi (= 0.0.0-20220308-2009-c8067f1ff)
    - React-jsiexecutor (= 0.0.0-20220308-2009-c8067f1ff)
    - ReactCommon/turbomodule/core (= 0.0.0-20220308-2009-c8067f1ff)
  - React-Fabric/butter (0.0.0-20220308-2009-c8067f1ff):
    - RCT-Folly/Fabric (= 2021.06.28.00-v2)
    - RCTRequired (= 0.0.0-20220308-2009-c8067f1ff)
    - RCTTypeSafety (= 0.0.0-20220308-2009-c8067f1ff)
    - React-graphics (= 0.0.0-20220308-2009-c8067f1ff)
    - React-jsi (= 0.0.0-20220308-2009-c8067f1ff)
    - React-jsiexecutor (= 0.0.0-20220308-2009-c8067f1ff)
    - ReactCommon/turbomodule/core (= 0.0.0-20220308-2009-c8067f1ff)
  - React-Fabric/componentregistry (0.0.0-20220308-2009-c8067f1ff):
    - RCT-Folly/Fabric (= 2021.06.28.00-v2)
    - RCTRequired (= 0.0.0-20220308-2009-c8067f1ff)
    - RCTTypeSafety (= 0.0.0-20220308-2009-c8067f1ff)
    - React-graphics (= 0.0.0-20220308-2009-c8067f1ff)
    - React-jsi (= 0.0.0-20220308-2009-c8067f1ff)
    - React-jsiexecutor (= 0.0.0-20220308-2009-c8067f1ff)
    - ReactCommon/turbomodule/core (= 0.0.0-20220308-2009-c8067f1ff)
  - React-Fabric/componentregistrynative (0.0.0-20220308-2009-c8067f1ff):
    - RCT-Folly/Fabric (= 2021.06.28.00-v2)
    - RCTRequired (= 0.0.0-20220308-2009-c8067f1ff)
    - RCTTypeSafety (= 0.0.0-20220308-2009-c8067f1ff)
    - React-graphics (= 0.0.0-20220308-2009-c8067f1ff)
    - React-jsi (= 0.0.0-20220308-2009-c8067f1ff)
    - React-jsiexecutor (= 0.0.0-20220308-2009-c8067f1ff)
    - ReactCommon/turbomodule/core (= 0.0.0-20220308-2009-c8067f1ff)
  - React-Fabric/components (0.0.0-20220308-2009-c8067f1ff):
    - RCT-Folly/Fabric (= 2021.06.28.00-v2)
    - RCTRequired (= 0.0.0-20220308-2009-c8067f1ff)
    - RCTTypeSafety (= 0.0.0-20220308-2009-c8067f1ff)
    - React-Fabric/components/activityindicator (= 0.0.0-20220308-2009-c8067f1ff)
    - React-Fabric/components/image (= 0.0.0-20220308-2009-c8067f1ff)
    - React-Fabric/components/inputaccessory (= 0.0.0-20220308-2009-c8067f1ff)
    - React-Fabric/components/legacyviewmanagerinterop (= 0.0.0-20220308-2009-c8067f1ff)
    - React-Fabric/components/modal (= 0.0.0-20220308-2009-c8067f1ff)
    - React-Fabric/components/root (= 0.0.0-20220308-2009-c8067f1ff)
    - React-Fabric/components/safeareaview (= 0.0.0-20220308-2009-c8067f1ff)
    - React-Fabric/components/scrollview (= 0.0.0-20220308-2009-c8067f1ff)
    - React-Fabric/components/slider (= 0.0.0-20220308-2009-c8067f1ff)
    - React-Fabric/components/text (= 0.0.0-20220308-2009-c8067f1ff)
    - React-Fabric/components/textinput (= 0.0.0-20220308-2009-c8067f1ff)
    - React-Fabric/components/unimplementedview (= 0.0.0-20220308-2009-c8067f1ff)
    - React-Fabric/components/view (= 0.0.0-20220308-2009-c8067f1ff)
    - React-graphics (= 0.0.0-20220308-2009-c8067f1ff)
    - React-jsi (= 0.0.0-20220308-2009-c8067f1ff)
    - React-jsiexecutor (= 0.0.0-20220308-2009-c8067f1ff)
    - ReactCommon/turbomodule/core (= 0.0.0-20220308-2009-c8067f1ff)
  - React-Fabric/components/activityindicator (0.0.0-20220308-2009-c8067f1ff):
    - RCT-Folly/Fabric (= 2021.06.28.00-v2)
    - RCTRequired (= 0.0.0-20220308-2009-c8067f1ff)
    - RCTTypeSafety (= 0.0.0-20220308-2009-c8067f1ff)
    - React-graphics (= 0.0.0-20220308-2009-c8067f1ff)
    - React-jsi (= 0.0.0-20220308-2009-c8067f1ff)
    - React-jsiexecutor (= 0.0.0-20220308-2009-c8067f1ff)
    - ReactCommon/turbomodule/core (= 0.0.0-20220308-2009-c8067f1ff)
  - React-Fabric/components/image (0.0.0-20220308-2009-c8067f1ff):
    - RCT-Folly/Fabric (= 2021.06.28.00-v2)
    - RCTRequired (= 0.0.0-20220308-2009-c8067f1ff)
    - RCTTypeSafety (= 0.0.0-20220308-2009-c8067f1ff)
    - React-graphics (= 0.0.0-20220308-2009-c8067f1ff)
    - React-jsi (= 0.0.0-20220308-2009-c8067f1ff)
    - React-jsiexecutor (= 0.0.0-20220308-2009-c8067f1ff)
    - ReactCommon/turbomodule/core (= 0.0.0-20220308-2009-c8067f1ff)
  - React-Fabric/components/inputaccessory (0.0.0-20220308-2009-c8067f1ff):
    - RCT-Folly/Fabric (= 2021.06.28.00-v2)
    - RCTRequired (= 0.0.0-20220308-2009-c8067f1ff)
    - RCTTypeSafety (= 0.0.0-20220308-2009-c8067f1ff)
    - React-graphics (= 0.0.0-20220308-2009-c8067f1ff)
    - React-jsi (= 0.0.0-20220308-2009-c8067f1ff)
    - React-jsiexecutor (= 0.0.0-20220308-2009-c8067f1ff)
    - ReactCommon/turbomodule/core (= 0.0.0-20220308-2009-c8067f1ff)
  - React-Fabric/components/legacyviewmanagerinterop (0.0.0-20220308-2009-c8067f1ff):
    - RCT-Folly/Fabric (= 2021.06.28.00-v2)
    - RCTRequired (= 0.0.0-20220308-2009-c8067f1ff)
    - RCTTypeSafety (= 0.0.0-20220308-2009-c8067f1ff)
    - React-graphics (= 0.0.0-20220308-2009-c8067f1ff)
    - React-jsi (= 0.0.0-20220308-2009-c8067f1ff)
    - React-jsiexecutor (= 0.0.0-20220308-2009-c8067f1ff)
    - ReactCommon/turbomodule/core (= 0.0.0-20220308-2009-c8067f1ff)
  - React-Fabric/components/modal (0.0.0-20220308-2009-c8067f1ff):
    - RCT-Folly/Fabric (= 2021.06.28.00-v2)
    - RCTRequired (= 0.0.0-20220308-2009-c8067f1ff)
    - RCTTypeSafety (= 0.0.0-20220308-2009-c8067f1ff)
    - React-graphics (= 0.0.0-20220308-2009-c8067f1ff)
    - React-jsi (= 0.0.0-20220308-2009-c8067f1ff)
    - React-jsiexecutor (= 0.0.0-20220308-2009-c8067f1ff)
    - ReactCommon/turbomodule/core (= 0.0.0-20220308-2009-c8067f1ff)
  - React-Fabric/components/root (0.0.0-20220308-2009-c8067f1ff):
    - RCT-Folly/Fabric (= 2021.06.28.00-v2)
    - RCTRequired (= 0.0.0-20220308-2009-c8067f1ff)
    - RCTTypeSafety (= 0.0.0-20220308-2009-c8067f1ff)
    - React-graphics (= 0.0.0-20220308-2009-c8067f1ff)
    - React-jsi (= 0.0.0-20220308-2009-c8067f1ff)
    - React-jsiexecutor (= 0.0.0-20220308-2009-c8067f1ff)
    - ReactCommon/turbomodule/core (= 0.0.0-20220308-2009-c8067f1ff)
  - React-Fabric/components/safeareaview (0.0.0-20220308-2009-c8067f1ff):
    - RCT-Folly/Fabric (= 2021.06.28.00-v2)
    - RCTRequired (= 0.0.0-20220308-2009-c8067f1ff)
    - RCTTypeSafety (= 0.0.0-20220308-2009-c8067f1ff)
    - React-graphics (= 0.0.0-20220308-2009-c8067f1ff)
    - React-jsi (= 0.0.0-20220308-2009-c8067f1ff)
    - React-jsiexecutor (= 0.0.0-20220308-2009-c8067f1ff)
    - ReactCommon/turbomodule/core (= 0.0.0-20220308-2009-c8067f1ff)
  - React-Fabric/components/scrollview (0.0.0-20220308-2009-c8067f1ff):
    - RCT-Folly/Fabric (= 2021.06.28.00-v2)
    - RCTRequired (= 0.0.0-20220308-2009-c8067f1ff)
    - RCTTypeSafety (= 0.0.0-20220308-2009-c8067f1ff)
    - React-graphics (= 0.0.0-20220308-2009-c8067f1ff)
    - React-jsi (= 0.0.0-20220308-2009-c8067f1ff)
    - React-jsiexecutor (= 0.0.0-20220308-2009-c8067f1ff)
    - ReactCommon/turbomodule/core (= 0.0.0-20220308-2009-c8067f1ff)
  - React-Fabric/components/slider (0.0.0-20220308-2009-c8067f1ff):
    - RCT-Folly/Fabric (= 2021.06.28.00-v2)
    - RCTRequired (= 0.0.0-20220308-2009-c8067f1ff)
    - RCTTypeSafety (= 0.0.0-20220308-2009-c8067f1ff)
    - React-graphics (= 0.0.0-20220308-2009-c8067f1ff)
    - React-jsi (= 0.0.0-20220308-2009-c8067f1ff)
    - React-jsiexecutor (= 0.0.0-20220308-2009-c8067f1ff)
    - ReactCommon/turbomodule/core (= 0.0.0-20220308-2009-c8067f1ff)
  - React-Fabric/components/text (0.0.0-20220308-2009-c8067f1ff):
    - RCT-Folly/Fabric (= 2021.06.28.00-v2)
    - RCTRequired (= 0.0.0-20220308-2009-c8067f1ff)
    - RCTTypeSafety (= 0.0.0-20220308-2009-c8067f1ff)
    - React-graphics (= 0.0.0-20220308-2009-c8067f1ff)
    - React-jsi (= 0.0.0-20220308-2009-c8067f1ff)
    - React-jsiexecutor (= 0.0.0-20220308-2009-c8067f1ff)
    - ReactCommon/turbomodule/core (= 0.0.0-20220308-2009-c8067f1ff)
  - React-Fabric/components/textinput (0.0.0-20220308-2009-c8067f1ff):
    - RCT-Folly/Fabric (= 2021.06.28.00-v2)
    - RCTRequired (= 0.0.0-20220308-2009-c8067f1ff)
    - RCTTypeSafety (= 0.0.0-20220308-2009-c8067f1ff)
    - React-graphics (= 0.0.0-20220308-2009-c8067f1ff)
    - React-jsi (= 0.0.0-20220308-2009-c8067f1ff)
    - React-jsiexecutor (= 0.0.0-20220308-2009-c8067f1ff)
    - ReactCommon/turbomodule/core (= 0.0.0-20220308-2009-c8067f1ff)
  - React-Fabric/components/unimplementedview (0.0.0-20220308-2009-c8067f1ff):
    - RCT-Folly/Fabric (= 2021.06.28.00-v2)
    - RCTRequired (= 0.0.0-20220308-2009-c8067f1ff)
    - RCTTypeSafety (= 0.0.0-20220308-2009-c8067f1ff)
    - React-graphics (= 0.0.0-20220308-2009-c8067f1ff)
    - React-jsi (= 0.0.0-20220308-2009-c8067f1ff)
    - React-jsiexecutor (= 0.0.0-20220308-2009-c8067f1ff)
    - ReactCommon/turbomodule/core (= 0.0.0-20220308-2009-c8067f1ff)
  - React-Fabric/components/view (0.0.0-20220308-2009-c8067f1ff):
    - RCT-Folly/Fabric (= 2021.06.28.00-v2)
    - RCTRequired (= 0.0.0-20220308-2009-c8067f1ff)
    - RCTTypeSafety (= 0.0.0-20220308-2009-c8067f1ff)
    - React-graphics (= 0.0.0-20220308-2009-c8067f1ff)
    - React-jsi (= 0.0.0-20220308-2009-c8067f1ff)
    - React-jsiexecutor (= 0.0.0-20220308-2009-c8067f1ff)
    - ReactCommon/turbomodule/core (= 0.0.0-20220308-2009-c8067f1ff)
    - Yoga
  - React-Fabric/config (0.0.0-20220308-2009-c8067f1ff):
    - RCT-Folly/Fabric (= 2021.06.28.00-v2)
    - RCTRequired (= 0.0.0-20220308-2009-c8067f1ff)
    - RCTTypeSafety (= 0.0.0-20220308-2009-c8067f1ff)
    - React-graphics (= 0.0.0-20220308-2009-c8067f1ff)
    - React-jsi (= 0.0.0-20220308-2009-c8067f1ff)
    - React-jsiexecutor (= 0.0.0-20220308-2009-c8067f1ff)
    - ReactCommon/turbomodule/core (= 0.0.0-20220308-2009-c8067f1ff)
  - React-Fabric/core (0.0.0-20220308-2009-c8067f1ff):
    - RCT-Folly/Fabric (= 2021.06.28.00-v2)
    - RCTRequired (= 0.0.0-20220308-2009-c8067f1ff)
    - RCTTypeSafety (= 0.0.0-20220308-2009-c8067f1ff)
    - React-graphics (= 0.0.0-20220308-2009-c8067f1ff)
    - React-jsi (= 0.0.0-20220308-2009-c8067f1ff)
    - React-jsiexecutor (= 0.0.0-20220308-2009-c8067f1ff)
    - ReactCommon/turbomodule/core (= 0.0.0-20220308-2009-c8067f1ff)
  - React-Fabric/debug_core (0.0.0-20220308-2009-c8067f1ff):
    - RCT-Folly/Fabric (= 2021.06.28.00-v2)
    - RCTRequired (= 0.0.0-20220308-2009-c8067f1ff)
    - RCTTypeSafety (= 0.0.0-20220308-2009-c8067f1ff)
    - React-graphics (= 0.0.0-20220308-2009-c8067f1ff)
    - React-jsi (= 0.0.0-20220308-2009-c8067f1ff)
    - React-jsiexecutor (= 0.0.0-20220308-2009-c8067f1ff)
    - ReactCommon/turbomodule/core (= 0.0.0-20220308-2009-c8067f1ff)
  - React-Fabric/debug_renderer (0.0.0-20220308-2009-c8067f1ff):
    - RCT-Folly/Fabric (= 2021.06.28.00-v2)
    - RCTRequired (= 0.0.0-20220308-2009-c8067f1ff)
    - RCTTypeSafety (= 0.0.0-20220308-2009-c8067f1ff)
    - React-graphics (= 0.0.0-20220308-2009-c8067f1ff)
    - React-jsi (= 0.0.0-20220308-2009-c8067f1ff)
    - React-jsiexecutor (= 0.0.0-20220308-2009-c8067f1ff)
    - ReactCommon/turbomodule/core (= 0.0.0-20220308-2009-c8067f1ff)
  - React-Fabric/imagemanager (0.0.0-20220308-2009-c8067f1ff):
    - RCT-Folly/Fabric (= 2021.06.28.00-v2)
    - RCTRequired (= 0.0.0-20220308-2009-c8067f1ff)
    - RCTTypeSafety (= 0.0.0-20220308-2009-c8067f1ff)
    - React-graphics (= 0.0.0-20220308-2009-c8067f1ff)
    - React-jsi (= 0.0.0-20220308-2009-c8067f1ff)
    - React-jsiexecutor (= 0.0.0-20220308-2009-c8067f1ff)
    - React-RCTImage (= 0.0.0-20220308-2009-c8067f1ff)
    - ReactCommon/turbomodule/core (= 0.0.0-20220308-2009-c8067f1ff)
  - React-Fabric/leakchecker (0.0.0-20220308-2009-c8067f1ff):
    - RCT-Folly/Fabric (= 2021.06.28.00-v2)
    - RCTRequired (= 0.0.0-20220308-2009-c8067f1ff)
    - RCTTypeSafety (= 0.0.0-20220308-2009-c8067f1ff)
    - React-graphics (= 0.0.0-20220308-2009-c8067f1ff)
    - React-jsi (= 0.0.0-20220308-2009-c8067f1ff)
    - React-jsiexecutor (= 0.0.0-20220308-2009-c8067f1ff)
    - ReactCommon/turbomodule/core (= 0.0.0-20220308-2009-c8067f1ff)
  - React-Fabric/mounting (0.0.0-20220308-2009-c8067f1ff):
    - RCT-Folly/Fabric (= 2021.06.28.00-v2)
    - RCTRequired (= 0.0.0-20220308-2009-c8067f1ff)
    - RCTTypeSafety (= 0.0.0-20220308-2009-c8067f1ff)
    - React-graphics (= 0.0.0-20220308-2009-c8067f1ff)
    - React-jsi (= 0.0.0-20220308-2009-c8067f1ff)
    - React-jsiexecutor (= 0.0.0-20220308-2009-c8067f1ff)
    - ReactCommon/turbomodule/core (= 0.0.0-20220308-2009-c8067f1ff)
  - React-Fabric/runtimescheduler (0.0.0-20220308-2009-c8067f1ff):
    - RCT-Folly/Fabric (= 2021.06.28.00-v2)
    - RCTRequired (= 0.0.0-20220308-2009-c8067f1ff)
    - RCTTypeSafety (= 0.0.0-20220308-2009-c8067f1ff)
    - React-graphics (= 0.0.0-20220308-2009-c8067f1ff)
    - React-jsi (= 0.0.0-20220308-2009-c8067f1ff)
    - React-jsiexecutor (= 0.0.0-20220308-2009-c8067f1ff)
    - ReactCommon/turbomodule/core (= 0.0.0-20220308-2009-c8067f1ff)
  - React-Fabric/scheduler (0.0.0-20220308-2009-c8067f1ff):
    - RCT-Folly/Fabric (= 2021.06.28.00-v2)
    - RCTRequired (= 0.0.0-20220308-2009-c8067f1ff)
    - RCTTypeSafety (= 0.0.0-20220308-2009-c8067f1ff)
    - React-graphics (= 0.0.0-20220308-2009-c8067f1ff)
    - React-jsi (= 0.0.0-20220308-2009-c8067f1ff)
    - React-jsiexecutor (= 0.0.0-20220308-2009-c8067f1ff)
    - ReactCommon/turbomodule/core (= 0.0.0-20220308-2009-c8067f1ff)
  - React-Fabric/telemetry (0.0.0-20220308-2009-c8067f1ff):
    - RCT-Folly/Fabric (= 2021.06.28.00-v2)
    - RCTRequired (= 0.0.0-20220308-2009-c8067f1ff)
    - RCTTypeSafety (= 0.0.0-20220308-2009-c8067f1ff)
    - React-graphics (= 0.0.0-20220308-2009-c8067f1ff)
    - React-jsi (= 0.0.0-20220308-2009-c8067f1ff)
    - React-jsiexecutor (= 0.0.0-20220308-2009-c8067f1ff)
    - ReactCommon/turbomodule/core (= 0.0.0-20220308-2009-c8067f1ff)
  - React-Fabric/templateprocessor (0.0.0-20220308-2009-c8067f1ff):
    - RCT-Folly/Fabric (= 2021.06.28.00-v2)
    - RCTRequired (= 0.0.0-20220308-2009-c8067f1ff)
    - RCTTypeSafety (= 0.0.0-20220308-2009-c8067f1ff)
    - React-graphics (= 0.0.0-20220308-2009-c8067f1ff)
    - React-jsi (= 0.0.0-20220308-2009-c8067f1ff)
    - React-jsiexecutor (= 0.0.0-20220308-2009-c8067f1ff)
    - ReactCommon/turbomodule/core (= 0.0.0-20220308-2009-c8067f1ff)
  - React-Fabric/textlayoutmanager (0.0.0-20220308-2009-c8067f1ff):
    - RCT-Folly/Fabric (= 2021.06.28.00-v2)
    - RCTRequired (= 0.0.0-20220308-2009-c8067f1ff)
    - RCTTypeSafety (= 0.0.0-20220308-2009-c8067f1ff)
    - React-Fabric/uimanager
    - React-graphics (= 0.0.0-20220308-2009-c8067f1ff)
    - React-jsi (= 0.0.0-20220308-2009-c8067f1ff)
    - React-jsiexecutor (= 0.0.0-20220308-2009-c8067f1ff)
    - ReactCommon/turbomodule/core (= 0.0.0-20220308-2009-c8067f1ff)
  - React-Fabric/uimanager (0.0.0-20220308-2009-c8067f1ff):
    - RCT-Folly/Fabric (= 2021.06.28.00-v2)
    - RCTRequired (= 0.0.0-20220308-2009-c8067f1ff)
    - RCTTypeSafety (= 0.0.0-20220308-2009-c8067f1ff)
    - React-graphics (= 0.0.0-20220308-2009-c8067f1ff)
    - React-jsi (= 0.0.0-20220308-2009-c8067f1ff)
    - React-jsiexecutor (= 0.0.0-20220308-2009-c8067f1ff)
    - ReactCommon/turbomodule/core (= 0.0.0-20220308-2009-c8067f1ff)
  - React-Fabric/utils (0.0.0-20220308-2009-c8067f1ff):
    - RCT-Folly/Fabric (= 2021.06.28.00-v2)
    - RCTRequired (= 0.0.0-20220308-2009-c8067f1ff)
    - RCTTypeSafety (= 0.0.0-20220308-2009-c8067f1ff)
    - React-graphics (= 0.0.0-20220308-2009-c8067f1ff)
    - React-jsi (= 0.0.0-20220308-2009-c8067f1ff)
    - React-jsiexecutor (= 0.0.0-20220308-2009-c8067f1ff)
    - ReactCommon/turbomodule/core (= 0.0.0-20220308-2009-c8067f1ff)
  - React-graphics (0.0.0-20220308-2009-c8067f1ff):
    - RCT-Folly/Fabric (= 2021.06.28.00-v2)
    - React-Core/Default (= 0.0.0-20220308-2009-c8067f1ff)
  - React-hermes (0.0.0-20220308-2009-c8067f1ff):
    - DoubleConversion
    - glog
    - hermes-engine
    - RCT-Folly (= 2021.06.28.00-v2)
    - RCT-Folly/Futures (= 2021.06.28.00-v2)
    - React-cxxreact (= 0.0.0-20220308-2009-c8067f1ff)
    - React-jsi (= 0.0.0-20220308-2009-c8067f1ff)
    - React-jsiexecutor (= 0.0.0-20220308-2009-c8067f1ff)
    - React-jsinspector (= 0.0.0-20220308-2009-c8067f1ff)
    - React-perflogger (= 0.0.0-20220308-2009-c8067f1ff)
  - React-jsi (0.0.0-20220308-2009-c8067f1ff):
    - boost (= 1.76.0)
    - DoubleConversion
    - glog
    - RCT-Folly (= 2021.06.28.00-v2)
    - React-jsi/Default (= 0.0.0-20220308-2009-c8067f1ff)
  - React-jsi/Default (0.0.0-20220308-2009-c8067f1ff):
    - boost (= 1.76.0)
    - DoubleConversion
    - glog
    - RCT-Folly (= 2021.06.28.00-v2)
  - React-jsi/Fabric (0.0.0-20220308-2009-c8067f1ff):
    - boost (= 1.76.0)
    - DoubleConversion
    - glog
    - RCT-Folly (= 2021.06.28.00-v2)
  - React-jsiexecutor (0.0.0-20220308-2009-c8067f1ff):
    - DoubleConversion
    - glog
    - RCT-Folly (= 2021.06.28.00-v2)
    - React-cxxreact (= 0.0.0-20220308-2009-c8067f1ff)
    - React-jsi (= 0.0.0-20220308-2009-c8067f1ff)
    - React-perflogger (= 0.0.0-20220308-2009-c8067f1ff)
  - React-jsinspector (0.0.0-20220308-2009-c8067f1ff)
  - React-logger (0.0.0-20220308-2009-c8067f1ff):
    - glog
  - React-perflogger (0.0.0-20220308-2009-c8067f1ff)
  - React-RCTActionSheet (0.0.0-20220308-2009-c8067f1ff):
    - React-Core/RCTActionSheetHeaders (= 0.0.0-20220308-2009-c8067f1ff)
  - React-RCTAnimation (0.0.0-20220308-2009-c8067f1ff):
    - RCT-Folly (= 2021.06.28.00-v2)
    - RCTTypeSafety (= 0.0.0-20220308-2009-c8067f1ff)
    - React-Codegen (= 0.0.0-20220308-2009-c8067f1ff)
    - React-Core/RCTAnimationHeaders (= 0.0.0-20220308-2009-c8067f1ff)
    - React-jsi (= 0.0.0-20220308-2009-c8067f1ff)
    - ReactCommon/turbomodule/core (= 0.0.0-20220308-2009-c8067f1ff)
  - React-RCTBlob (0.0.0-20220308-2009-c8067f1ff):
    - RCT-Folly (= 2021.06.28.00-v2)
    - React-Codegen (= 0.0.0-20220308-2009-c8067f1ff)
    - React-Core/RCTBlobHeaders (= 0.0.0-20220308-2009-c8067f1ff)
    - React-Core/RCTWebSocket (= 0.0.0-20220308-2009-c8067f1ff)
    - React-jsi (= 0.0.0-20220308-2009-c8067f1ff)
    - React-RCTNetwork (= 0.0.0-20220308-2009-c8067f1ff)
    - ReactCommon/turbomodule/core (= 0.0.0-20220308-2009-c8067f1ff)
  - React-RCTFabric (0.0.0-20220308-2009-c8067f1ff):
    - RCT-Folly/Fabric (= 2021.06.28.00-v2)
    - React-Core (= 0.0.0-20220308-2009-c8067f1ff)
    - React-Fabric (= 0.0.0-20220308-2009-c8067f1ff)
    - React-RCTImage (= 0.0.0-20220308-2009-c8067f1ff)
  - React-RCTImage (0.0.0-20220308-2009-c8067f1ff):
    - RCT-Folly (= 2021.06.28.00-v2)
    - RCTTypeSafety (= 0.0.0-20220308-2009-c8067f1ff)
    - React-Codegen (= 0.0.0-20220308-2009-c8067f1ff)
    - React-Core/RCTImageHeaders (= 0.0.0-20220308-2009-c8067f1ff)
    - React-jsi (= 0.0.0-20220308-2009-c8067f1ff)
    - React-RCTNetwork (= 0.0.0-20220308-2009-c8067f1ff)
    - ReactCommon/turbomodule/core (= 0.0.0-20220308-2009-c8067f1ff)
  - React-RCTLinking (0.0.0-20220308-2009-c8067f1ff):
    - React-Codegen (= 0.0.0-20220308-2009-c8067f1ff)
    - React-Core/RCTLinkingHeaders (= 0.0.0-20220308-2009-c8067f1ff)
    - React-jsi (= 0.0.0-20220308-2009-c8067f1ff)
    - ReactCommon/turbomodule/core (= 0.0.0-20220308-2009-c8067f1ff)
  - React-RCTNetwork (0.0.0-20220308-2009-c8067f1ff):
    - RCT-Folly (= 2021.06.28.00-v2)
    - RCTTypeSafety (= 0.0.0-20220308-2009-c8067f1ff)
    - React-Codegen (= 0.0.0-20220308-2009-c8067f1ff)
    - React-Core/RCTNetworkHeaders (= 0.0.0-20220308-2009-c8067f1ff)
    - React-jsi (= 0.0.0-20220308-2009-c8067f1ff)
    - ReactCommon/turbomodule/core (= 0.0.0-20220308-2009-c8067f1ff)
  - React-RCTSettings (0.0.0-20220308-2009-c8067f1ff):
    - RCT-Folly (= 2021.06.28.00-v2)
    - RCTTypeSafety (= 0.0.0-20220308-2009-c8067f1ff)
    - React-Codegen (= 0.0.0-20220308-2009-c8067f1ff)
    - React-Core/RCTSettingsHeaders (= 0.0.0-20220308-2009-c8067f1ff)
    - React-jsi (= 0.0.0-20220308-2009-c8067f1ff)
    - ReactCommon/turbomodule/core (= 0.0.0-20220308-2009-c8067f1ff)
  - React-RCTText (0.0.0-20220308-2009-c8067f1ff):
    - React-Core/RCTTextHeaders (= 0.0.0-20220308-2009-c8067f1ff)
  - React-RCTVibration (0.0.0-20220308-2009-c8067f1ff):
    - RCT-Folly (= 2021.06.28.00-v2)
    - React-Codegen (= 0.0.0-20220308-2009-c8067f1ff)
    - React-Core/RCTVibrationHeaders (= 0.0.0-20220308-2009-c8067f1ff)
    - React-jsi (= 0.0.0-20220308-2009-c8067f1ff)
    - ReactCommon/turbomodule/core (= 0.0.0-20220308-2009-c8067f1ff)
  - React-rncore (0.0.0-20220308-2009-c8067f1ff)
  - React-runtimeexecutor (0.0.0-20220308-2009-c8067f1ff):
    - React-jsi (= 0.0.0-20220308-2009-c8067f1ff)
  - ReactCommon/turbomodule/core (0.0.0-20220308-2009-c8067f1ff):
    - DoubleConversion
    - glog
    - RCT-Folly (= 2021.06.28.00-v2)
    - React-callinvoker (= 0.0.0-20220308-2009-c8067f1ff)
    - React-Core (= 0.0.0-20220308-2009-c8067f1ff)
    - React-cxxreact (= 0.0.0-20220308-2009-c8067f1ff)
    - React-jsi (= 0.0.0-20220308-2009-c8067f1ff)
    - React-logger (= 0.0.0-20220308-2009-c8067f1ff)
    - React-perflogger (= 0.0.0-20220308-2009-c8067f1ff)
  - SocketRocket (0.6.0)
  - Yoga (1.14.0)
  - YogaKit (1.18.1):
    - Yoga (~> 1.14)

DEPENDENCIES:
  - boost (from `../node_modules/react-native/third-party-podspecs/boost.podspec`)
  - DoubleConversion (from `../node_modules/react-native/third-party-podspecs/DoubleConversion.podspec`)
  - FBLazyVector (from `../node_modules/react-native/Libraries/FBLazyVector`)
  - FBReactNativeSpec (from `../node_modules/react-native/React/FBReactNativeSpec`)
  - Flipper (= 0.125.0)
  - Flipper-Boost-iOSX (= 1.76.0.1.11)
  - Flipper-DoubleConversion (= 3.1.7)
  - Flipper-Fmt (= 7.1.7)
  - Flipper-Folly (= 2.6.10)
  - Flipper-Glog (= 0.3.9)
  - Flipper-PeerTalk (= 0.0.4)
  - Flipper-RSocket (= 1.4.3)
  - FlipperKit (= 0.125.0)
  - FlipperKit/Core (= 0.125.0)
  - FlipperKit/CppBridge (= 0.125.0)
  - FlipperKit/FBCxxFollyDynamicConvert (= 0.125.0)
  - FlipperKit/FBDefines (= 0.125.0)
  - FlipperKit/FKPortForwarding (= 0.125.0)
  - FlipperKit/FlipperKitHighlightOverlay (= 0.125.0)
  - FlipperKit/FlipperKitLayoutPlugin (= 0.125.0)
  - FlipperKit/FlipperKitLayoutTextSearchable (= 0.125.0)
  - FlipperKit/FlipperKitNetworkPlugin (= 0.125.0)
  - FlipperKit/FlipperKitReactPlugin (= 0.125.0)
  - FlipperKit/FlipperKitUserDefaultsPlugin (= 0.125.0)
  - FlipperKit/SKIOSNetworkPlugin (= 0.125.0)
  - glog (from `../node_modules/react-native/third-party-podspecs/glog.podspec`)
  - hermes-engine (~> 0.11.0)
  - libevent (~> 2.1.12)
  - OpenSSL-Universal (= 1.1.1100)
  - RCT-Folly (from `../node_modules/react-native/third-party-podspecs/RCT-Folly.podspec`)
  - RCT-Folly/Fabric (from `../node_modules/react-native/third-party-podspecs/RCT-Folly.podspec`)
  - RCTRequired (from `../node_modules/react-native/Libraries/RCTRequired`)
  - RCTTypeSafety (from `../node_modules/react-native/Libraries/TypeSafety`)
  - React (from `../node_modules/react-native/`)
  - React-callinvoker (from `../node_modules/react-native/ReactCommon/callinvoker`)
  - React-Codegen (from `build/generated/ios`)
  - React-Core (from `../node_modules/react-native/`)
  - React-Core/DevSupport (from `../node_modules/react-native/`)
  - React-Core/RCTWebSocket (from `../node_modules/react-native/`)
  - React-CoreModules (from `../node_modules/react-native/React/CoreModules`)
  - React-cxxreact (from `../node_modules/react-native/ReactCommon/cxxreact`)
  - React-Fabric (from `../node_modules/react-native/ReactCommon`)
  - React-graphics (from `../node_modules/react-native/ReactCommon/react/renderer/graphics`)
  - React-hermes (from `../node_modules/react-native/ReactCommon/hermes`)
  - React-jsi (from `../node_modules/react-native/ReactCommon/jsi`)
  - React-jsi/Fabric (from `../node_modules/react-native/ReactCommon/jsi`)
  - React-jsiexecutor (from `../node_modules/react-native/ReactCommon/jsiexecutor`)
  - React-jsinspector (from `../node_modules/react-native/ReactCommon/jsinspector`)
  - React-logger (from `../node_modules/react-native/ReactCommon/logger`)
  - React-perflogger (from `../node_modules/react-native/ReactCommon/reactperflogger`)
  - React-RCTActionSheet (from `../node_modules/react-native/Libraries/ActionSheetIOS`)
  - React-RCTAnimation (from `../node_modules/react-native/Libraries/NativeAnimation`)
  - React-RCTBlob (from `../node_modules/react-native/Libraries/Blob`)
  - React-RCTFabric (from `../node_modules/react-native/React`)
  - React-RCTImage (from `../node_modules/react-native/Libraries/Image`)
  - React-RCTLinking (from `../node_modules/react-native/Libraries/LinkingIOS`)
  - React-RCTNetwork (from `../node_modules/react-native/Libraries/Network`)
  - React-RCTSettings (from `../node_modules/react-native/Libraries/Settings`)
  - React-RCTText (from `../node_modules/react-native/Libraries/Text`)
  - React-RCTVibration (from `../node_modules/react-native/Libraries/Vibration`)
  - React-rncore (from `../node_modules/react-native/ReactCommon`)
  - React-runtimeexecutor (from `../node_modules/react-native/ReactCommon/runtimeexecutor`)
  - ReactCommon/turbomodule/core (from `../node_modules/react-native/ReactCommon`)
  - Yoga (from `../node_modules/react-native/ReactCommon/yoga`)

SPEC REPOS:
  trunk:
    - CocoaAsyncSocket
    - Flipper
    - Flipper-Boost-iOSX
    - Flipper-DoubleConversion
    - Flipper-Fmt
    - Flipper-Folly
    - Flipper-Glog
    - Flipper-PeerTalk
    - Flipper-RSocket
    - FlipperKit
    - fmt
    - hermes-engine
    - libevent
    - OpenSSL-Universal
    - SocketRocket
    - YogaKit

EXTERNAL SOURCES:
  boost:
    :podspec: "../node_modules/react-native/third-party-podspecs/boost.podspec"
  DoubleConversion:
    :podspec: "../node_modules/react-native/third-party-podspecs/DoubleConversion.podspec"
  FBLazyVector:
    :path: "../node_modules/react-native/Libraries/FBLazyVector"
  FBReactNativeSpec:
    :path: "../node_modules/react-native/React/FBReactNativeSpec"
  glog:
    :podspec: "../node_modules/react-native/third-party-podspecs/glog.podspec"
  RCT-Folly:
    :podspec: "../node_modules/react-native/third-party-podspecs/RCT-Folly.podspec"
  RCTRequired:
    :path: "../node_modules/react-native/Libraries/RCTRequired"
  RCTTypeSafety:
    :path: "../node_modules/react-native/Libraries/TypeSafety"
  React:
    :path: "../node_modules/react-native/"
  React-callinvoker:
    :path: "../node_modules/react-native/ReactCommon/callinvoker"
  React-Codegen:
    :path: build/generated/ios
  React-Core:
    :path: "../node_modules/react-native/"
  React-CoreModules:
    :path: "../node_modules/react-native/React/CoreModules"
  React-cxxreact:
    :path: "../node_modules/react-native/ReactCommon/cxxreact"
  React-Fabric:
    :path: "../node_modules/react-native/ReactCommon"
  React-graphics:
    :path: "../node_modules/react-native/ReactCommon/react/renderer/graphics"
  React-hermes:
    :path: "../node_modules/react-native/ReactCommon/hermes"
  React-jsi:
    :path: "../node_modules/react-native/ReactCommon/jsi"
  React-jsiexecutor:
    :path: "../node_modules/react-native/ReactCommon/jsiexecutor"
  React-jsinspector:
    :path: "../node_modules/react-native/ReactCommon/jsinspector"
  React-logger:
    :path: "../node_modules/react-native/ReactCommon/logger"
  React-perflogger:
    :path: "../node_modules/react-native/ReactCommon/reactperflogger"
  React-RCTActionSheet:
    :path: "../node_modules/react-native/Libraries/ActionSheetIOS"
  React-RCTAnimation:
    :path: "../node_modules/react-native/Libraries/NativeAnimation"
  React-RCTBlob:
    :path: "../node_modules/react-native/Libraries/Blob"
  React-RCTFabric:
    :path: "../node_modules/react-native/React"
  React-RCTImage:
    :path: "../node_modules/react-native/Libraries/Image"
  React-RCTLinking:
    :path: "../node_modules/react-native/Libraries/LinkingIOS"
  React-RCTNetwork:
    :path: "../node_modules/react-native/Libraries/Network"
  React-RCTSettings:
    :path: "../node_modules/react-native/Libraries/Settings"
  React-RCTText:
    :path: "../node_modules/react-native/Libraries/Text"
  React-RCTVibration:
    :path: "../node_modules/react-native/Libraries/Vibration"
  React-rncore:
    :path: "../node_modules/react-native/ReactCommon"
  React-runtimeexecutor:
    :path: "../node_modules/react-native/ReactCommon/runtimeexecutor"
  ReactCommon:
    :path: "../node_modules/react-native/ReactCommon"
  Yoga:
    :path: "../node_modules/react-native/ReactCommon/yoga"

SPEC CHECKSUMS:
  boost: a7c83b31436843459a1961bfd74b96033dc77234
  CocoaAsyncSocket: 065fd1e645c7abab64f7a6a2007a48038fdc6a99
  DoubleConversion: 831926d9b8bf8166fd87886c4abab286c2422662
  FBLazyVector: 5df4dcabdf0773571a4f616b673b79e5854ee5a4
  FBReactNativeSpec: ea5afe4904e2e9addf4a5faeb00fbf7acb75306f
  Flipper: 26fc4b7382499f1281eb8cb921e5c3ad6de91fe0
  Flipper-Boost-iOSX: fd1e2b8cbef7e662a122412d7ac5f5bea715403c
  Flipper-DoubleConversion: 57ffbe81ef95306cc9e69c4aa3aeeeeb58a6a28c
  Flipper-Fmt: 60cbdd92fc254826e61d669a5d87ef7015396a9b
  Flipper-Folly: 584845625005ff068a6ebf41f857f468decd26b3
  Flipper-Glog: 05579840e2750ec907ee2f81544f41ad76a7cae4
  Flipper-PeerTalk: 116d8f857dc6ef55c7a5a75ea3ceaafe878aadc9
  Flipper-RSocket: d9d9ade67cbecf6ac10730304bf5607266dd2541
  FlipperKit: cbdee19bdd4e7f05472a66ce290f1b729ba3cb86
  fmt: ff9d55029c625d3757ed641535fd4a75fedc7ce9
  glog: 476ee3e89abb49e07f822b48323c51c57124b572
  hermes-engine: 84e3af1ea01dd7351ac5d8689cbbea1f9903ffc3
  libevent: 4049cae6c81cdb3654a443be001fb9bdceff7913
  OpenSSL-Universal: ebc357f1e6bc71fa463ccb2fe676756aff50e88c
  RCT-Folly: 4d8508a426467c48885f1151029bc15fa5d7b3b8
  RCTRequired: 8cf0376fba703552ae3cc73ffb2f0f1e164cc775
  RCTTypeSafety: eeae0f7b64d08405ea25ae897f400871efd52fa0
  React: f228ba866af28a13332f72b0cbdf1fc40831f24e
  React-callinvoker: ca4fef6cd0209fe3be7c6f205732197d32149859
  React-Codegen: 6b32a7fb7d6b5c16efda5336c491ba4a28eb8797
  React-Core: ee4555e07cc0d2c42e7060a1570eb6a5365d95cb
  React-CoreModules: b8bab24c6cdbbd26e0c3d683be46fa691f82aeae
  React-cxxreact: ff3bbf31e0650465699f05aa4e75fe14b34b874f
  React-Fabric: e4653b4840b94fab2d9607f9603b1113ee9eb7ad
  React-graphics: 565d141095da0d10d8ce9cfaa541cc59f64ef944
  React-hermes: d47eaf1b189d18ca9bb5c964e9763db701f59fa7
  React-jsi: 01fe30c690cd37a68a533db645483abd330636a2
  React-jsiexecutor: 688fb92b221b79f67ba42b6c4a62cec30b8523f0
  React-jsinspector: 3983479f7f6ad688c237c588b1c284943297d585
  React-logger: 3aeb912c24d583f412b8c3c6a8b4853bd7cdd00e
  React-perflogger: 6fc7ae9300ab39f7eb161490f1a0944d0fa59d50
  React-RCTActionSheet: 0218565631cf2912837c081211b219d4e08bf300
  React-RCTAnimation: c238e9c64f4a9af52f2598be35adf5cdae940f9a
  React-RCTBlob: c608572b86874d0a4f8b99f197c332d84daaf1e5
  React-RCTFabric: aa8cab7b090b16b7914d055e3c7d0f14feff6146
  React-RCTImage: 74bfcf0ac806afcc497cb3938ccf1f3604d28b92
  React-RCTLinking: cfcee457601b253571ec5e04f2553fc80522b8ec
  React-RCTNetwork: 6fa560f96b491140ad64e12143a2a997602ffb0a
  React-RCTSettings: 02e7416454683f337bf38c20197954cf64baf799
  React-RCTText: 8a730cf6ed1c65ab043ed087a0594900ca9e0d45
  React-RCTVibration: 2853228fd4439484fa5d05324bfd1935ab8c5685
  React-rncore: ab8de13e72cfc73d171305b76cd10c88f8be5618
  React-runtimeexecutor: 9606b58c5668091f51b93d89b27c36f7c4c60a1e
  ReactCommon: 6b82eb95ea5dc829840d6fa4d9e4a28faa98119a
  SocketRocket: fccef3f9c5cedea1353a9ef6ada904fde10d6608
  Yoga: fe3a6eda5d1e5f8bee12b87663e02bc31a62a9ce
  YogaKit: f782866e155069a2cca2517aafea43200b01fd5a

PODFILE CHECKSUM: f242a41fa9077e71f121d4270364df99fc8d3b7e

COCOAPODS: 1.11.2
